
Microsoft Visual Studio Solution File, Format Version 12.00
# Visual Studio 15
VisualStudioVersion = 15.0.27130.2003
MinimumVisualStudioVersion = 10.0.40219.1
Project("{FAE04EC0-301F-11D3-BF4B-00C04F79EFBC}") = "TestHashPasswordWithSalt", "TestHashPasswordWithSalt\TestHashPasswordWithSalt.csproj", "{16276BC9-D442-413B-8961-764F941857AE}"
EndProject
Global
	GlobalSection(SolutionConfigurationPlatforms) = preSolution
		Debug|Any CPU = Debug|Any CPU
		Release|Any CPU = Release|Any CPU
	EndGlobalSection
	GlobalSection(ProjectConfigurationPlatforms) = postSolution
		{16276BC9-D442-413B-8961-764F941857AE}.Debug|Any CPU.ActiveCfg = Debug|Any CPU
		{16276BC9-D442-413B-8961-764F941857AE}.Debug|Any CPU.Build.0 = Debug|Any CPU
		{16276BC9-D442-413B-8961-764F941857AE}.Release|Any CPU.ActiveCfg = Release|Any CPU
		{16276BC9-D442-413B-8961-764F941857AE}.Release|Any CPU.Build.0 = Release|Any CPU
	EndGlobalSection
	GlobalSection(SolutionProperties) = preSolution
		HideSolutionNode = FALSE
	EndGlobalSection
	GlobalSection(ExtensibilityGlobals) = postSolution
		SolutionGuid = {6040F242-9F8D-4BDF-9257-5DA92B2C3EA9}
	EndGlobalSection
EndGlobal
